
Microsoft Visual Studio Solution File, Format Version 12.00
# Visual Studio Version 16
VisualStudioVersion = 16.0.30717.126
MinimumVisualStudioVersion = 10.0.40219.1
Project("{FAE04EC0-301F-11D3-BF4B-00C04F79EFBC}") = "GaussianMutation", "GaussianMutation\GaussianMutation.csproj", "{4ED95056-F08A-4D43-B975-8DC1481C421B}"
EndProject
Global
	GlobalSection(SolutionConfigurationPlatforms) = preSolution
		Debug|Any CPU = Debug|Any CPU
		Release|Any CPU = Release|Any CPU
	EndGlobalSection
	GlobalSection(ProjectConfigurationPlatforms) = postSolution
		{4ED95056-F08A-4D43-B975-8DC1481C421B}.Debug|Any CPU.ActiveCfg = Debug|Any CPU
		{4ED95056-F08A-4D43-B975-8DC1481C421B}.Debug|Any CPU.Build.0 = Debug|Any CPU
		{4ED95056-F08A-4D43-B975-8DC1481C421B}.Release|Any CPU.ActiveCfg = Release|Any CPU
		{4ED95056-F08A-4D43-B975-8DC1481C421B}.Release|Any CPU.Build.0 = Release|Any CPU
	EndGlobalSection
	GlobalSection(SolutionProperties) = preSolution
		HideSolutionNode = FALSE
	EndGlobalSection
	GlobalSection(ExtensibilityGlobals) = postSolution
		SolutionGuid = {3DA7B454-5E56-4E34-B892-0BEFEAFB8EC4}
	EndGlobalSection
EndGlobal
